<?xml version="1.0" encoding="Windows-1252"?>
<Project ToolsVersion="12.0" xmlns="http://schemas.microsoft.com/developer/msbuild/2003">
  <ItemGroup>
    <ClCompile Include="C:\Users\Krull\Documents\GitHub\server-client-auth\util\config\ConfigClass.cpp">
      <Filter>config</Filter>
    </ClCompile>
    <ClCompile Include="C:\Users\Krull\Documents\GitHub\server-client-auth\util\config\ConfigException.cpp">
      <Filter>config</Filter>
    </ClCompile>
  </ItemGroup>
  <ItemGroup>
    <ClInclude Include="C:\Users\Krull\Documents\GitHub\server-client-auth\util\config\config_reader_build_opts.h">
      <Filter>config</Filter>
    </ClInclude>
    <ClInclude Include="C:\Users\Krull\Documents\GitHub\server-client-auth\util\config\IConfigClass.h">
      <Filter>config</Filter>
    </ClInclude>
    <ClInclude Include="C:\Users\Krull\Documents\GitHub\server-client-auth\util\config\ConfigClass.h">
      <Filter>config</Filter>
    </ClInclude>
    <ClInclude Include="C:\Users\Krull\Documents\GitHub\server-client-auth\util\config\ConfigException.h">
      <Filter>config</Filter>
    </ClInclude>
    <ClInclude Include="C:\Users\Krull\Documents\GitHub\server-client-auth\util\config\ConfigReader.h">
      <Filter>config</Filter>
    </ClInclude>
  </ItemGroup>
  <ItemGroup>
    <CustomBuild Include="C:\Users\Krull\Documents\GitHub\server-client-auth\util\config\CMakeLists.txt" />
  </ItemGroup>
  <ItemGroup>
    <Filter Include="config">
      <UniqueIdentifier>{616F42D9-2996-457A-9DE1-60BA372DB0E7}</UniqueIdentifier>
    </Filter>
  </ItemGroup>
</Project>
